Microsoft Visual Studio Solution File, Format Version 12.00
# Visual Studio Version 17
VisualStudioVersion = 17.5.2.0
MinimumVisualStudioVersion = 10.0.40219.1
Project("{FAE04EC0-301F-11D3-BF4B-00C04F79EFBC}") = "playwright_test2", "playwright_test2.csproj", "{BAAAFB44-1FF0-263F-9DA3-53FF3BAA9DCE}"
EndProject
Global
	GlobalSection(SolutionConfigurationPlatforms) = preSolution
		Debug|Any CPU = Debug|Any CPU
		Release|Any CPU = Release|Any CPU
	EndGlobalSection
	GlobalSection(ProjectConfigurationPlatforms) = postSolution
		{BAAAFB44-1FF0-263F-9DA3-53FF3BAA9DCE}.Debug|Any CPU.ActiveCfg = Debug|Any CPU
		{BAAAFB44-1FF0-263F-9DA3-53FF3BAA9DCE}.Debug|Any CPU.Build.0 = Debug|Any CPU
		{BAAAFB44-1FF0-263F-9DA3-53FF3BAA9DCE}.Release|Any CPU.ActiveCfg = Release|Any CPU
		{BAAAFB44-1FF0-263F-9DA3-53FF3BAA9DCE}.Release|Any CPU.Build.0 = Release|Any CPU
	EndGlobalSection
	GlobalSection(SolutionProperties) = preSolution
		HideSolutionNode = FALSE
	EndGlobalSection
	GlobalSection(ExtensibilityGlobals) = postSolution
		SolutionGuid = {6AAC441D-90BB-407B-B514-4B288AC7E5CD}
	EndGlobalSection
EndGlobal
